// !$*UTF8*$!
{
	archiveVersion = 1;
	classes = {
	};
	objectVersion = 55;
	objects = {

/* Begin PBXBuildFile section */
		344600FB2855D91E00B2E740 /* Cry.json in Resources */ = {isa = PBXBuildFile; fileRef = 344600F82855D91E00B2E740 /* Cry.json */; };
		344600FC2855D91E00B2E740 /* Heit.json in Resources */ = {isa = PBXBuildFile; fileRef = 344600F92855D91E00B2E740 /* Heit.json */; };
		344600FD2855D91E00B2E740 /* Love.json in Resources */ = {isa = PBXBuildFile; fileRef = 344600FA2855D91E00B2E740 /* Love.json */; };
		344601002855DE3F00B2E740 /* CleaningDataStore.swift in Sources */ = {isa = PBXBuildFile; fileRef = 344600FF2855DE3F00B2E740 /* CleaningDataStore.swift */; };
		3446010228562E1600B2E740 /* CleaningCategoryProgress.swift in Sources */ = {isa = PBXBuildFile; fileRef = 3446010128562E1600B2E740 /* CleaningCategoryProgress.swift */; };
		34662BA52854FFEE0088A4B2 /* Lottie in Frameworks */ = {isa = PBXBuildFile; productRef = 34662BA42854FFEE0088A4B2 /* Lottie */; };
		34662BA8285508F90088A4B2 /* Laugh.json in Resources */ = {isa = PBXBuildFile; fileRef = 34662BA7285508F90088A4B2 /* Laugh.json */; };
		34662BAA285509380088A4B2 /* LottieView.swift in Sources */ = {isa = PBXBuildFile; fileRef = 34662BA9285509380088A4B2 /* LottieView.swift */; };
		34A30AB62854919200DFFB3F /* CleaningCategoryView.swift in Sources */ = {isa = PBXBuildFile; fileRef = 34A30AB52854919200DFFB3F /* CleaningCategoryView.swift */; };
		34A30AB82854932A00DFFB3F /* SettingSliderView.swift in Sources */ = {isa = PBXBuildFile; fileRef = 34A30AB72854932A00DFFB3F /* SettingSliderView.swift */; };
		34B2CD5A28546EAA00739D47 /* CircularProgressBarView.swift in Sources */ = {isa = PBXBuildFile; fileRef = 34B2CD5928546EAA00739D47 /* CircularProgressBarView.swift */; };
		735198F72858548A0017A098 /* CloudkitUser.swift in Sources */ = {isa = PBXBuildFile; fileRef = 735198F62858548A0017A098 /* CloudkitUser.swift */; };
		735198F92858555C0017A098 /* CloudkitUserViewModel.swift in Sources */ = {isa = PBXBuildFile; fileRef = 735198F82858555C0017A098 /* CloudkitUserViewModel.swift */; };
		735198FB2858613B0017A098 /* SceneDelegate.swift in Sources */ = {isa = PBXBuildFile; fileRef = 735198FA2858613B0017A098 /* SceneDelegate.swift */; };
		735198FD285861450017A098 /* AppDelegate.swift in Sources */ = {isa = PBXBuildFile; fileRef = 735198FC285861450017A098 /* AppDelegate.swift */; };
		735198FF2858625E0017A098 /* CreateUserView.swift in Sources */ = {isa = PBXBuildFile; fileRef = 735198FE2858625E0017A098 /* CreateUserView.swift */; };
		736A696E28532131001D0D44 /* ShareView.swift in Sources */ = {isa = PBXBuildFile; fileRef = 736A696D28532131001D0D44 /* ShareView.swift */; };
		739488EA285713360088DE1E /* CloudKit.framework in Frameworks */ = {isa = PBXBuildFile; fileRef = 739488E9285713360088DE1E /* CloudKit.framework */; };
		9A0EB0F428521B62003BD148 /* CircularProgressView.swift in Sources */ = {isa = PBXBuildFile; fileRef = 9A0EB0F328521B62003BD148 /* CircularProgressView.swift */; };
		9A39345A2850892800393B19 /* CleannyApp.swift in Sources */ = {isa = PBXBuildFile; fileRef = 9A3934592850892800393B19 /* CleannyApp.swift */; };
		9A39345C2850892800393B19 /* ContentView.swift in Sources */ = {isa = PBXBuildFile; fileRef = 9A39345B2850892800393B19 /* ContentView.swift */; };
		9A39345E2850892A00393B19 /* Assets.xcassets in Resources */ = {isa = PBXBuildFile; fileRef = 9A39345D2850892A00393B19 /* Assets.xcassets */; };
		9A3934612850892A00393B19 /* Preview Assets.xcassets in Resources */ = {isa = PBXBuildFile; fileRef = 9A3934602850892A00393B19 /* Preview Assets.xcassets */; };
		9A3934632850892A00393B19 /* Persistence.swift in Sources */ = {isa = PBXBuildFile; fileRef = 9A3934622850892A00393B19 /* Persistence.swift */; };
		9A3934662850892A00393B19 /* Cleanny.xcdatamodeld in Sources */ = {isa = PBXBuildFile; fileRef = 9A3934642850892A00393B19 /* Cleanny.xcdatamodeld */; };
		9A39346F28508CEB00393B19 /* AxisTabView in Frameworks */ = {isa = PBXBuildFile; productRef = 9A39346E28508CEB00393B19 /* AxisTabView */; };
		9A3934722850B33200393B19 /* AxisTabView in Frameworks */ = {isa = PBXBuildFile; productRef = 9A3934712850B33200393B19 /* AxisTabView */; };
		9A3934752850B5C100393B19 /* CalendarView.swift in Sources */ = {isa = PBXBuildFile; fileRef = 9A3934742850B5C100393B19 /* CalendarView.swift */; };
		9A3934772850B61700393B19 /* RecordView.swift in Sources */ = {isa = PBXBuildFile; fileRef = 9A3934762850B61700393B19 /* RecordView.swift */; };
		9A3934792850B67F00393B19 /* CharacterView.swift in Sources */ = {isa = PBXBuildFile; fileRef = 9A3934782850B67F00393B19 /* CharacterView.swift */; };
		9A7145D628532B3200AD9B45 /* Cleaning.swift in Sources */ = {isa = PBXBuildFile; fileRef = 9A7145D528532B3200AD9B45 /* Cleaning.swift */; };
		9A890C582855F4A00013248D /* BarChartView.swift in Sources */ = {isa = PBXBuildFile; fileRef = 9A890C572855F4A00013248D /* BarChartView.swift */; };
		9A93370C2852B64100F7C587 /* SwiftUICharts in Frameworks */ = {isa = PBXBuildFile; productRef = 9A93370B2852B64100F7C587 /* SwiftUICharts */; };
		9A93370E2852B67600F7C587 /* ChartView.swift in Sources */ = {isa = PBXBuildFile; fileRef = 9A93370D2852B67600F7C587 /* ChartView.swift */; };
		9AE62C282853349700FEDB9C /* User.swift in Sources */ = {isa = PBXBuildFile; fileRef = 9AE62C272853349700FEDB9C /* User.swift */; };
		A3318C562853646500B5166F /* CleaningButtonView.swift in Sources */ = {isa = PBXBuildFile; fileRef = A3318C552853646500B5166F /* CleaningButtonView.swift */; };
		A36369EB2854703800B7B645 /* SettingSlider.swift in Sources */ = {isa = PBXBuildFile; fileRef = A36369E82854703800B7B645 /* SettingSlider.swift */; };
		A36369EC2854703800B7B645 /* SettingCard.swift in Sources */ = {isa = PBXBuildFile; fileRef = A36369E92854703800B7B645 /* SettingCard.swift */; };
		A36369ED2854703800B7B645 /* SettingModalView.swift in Sources */ = {isa = PBXBuildFile; fileRef = A36369EA2854703800B7B645 /* SettingModalView.swift */; };
/* End PBXBuildFile section */

/* Begin PBXFileReference section */
		344600F82855D91E00B2E740 /* Cry.json */ = {isa = PBXFileReference; fileEncoding = 4; lastKnownFileType = text.json; path = Cry.json; sourceTree = "<group>"; };
		344600F92855D91E00B2E740 /* Heit.json */ = {isa = PBXFileReference; fileEncoding = 4; lastKnownFileType = text.json; path = Heit.json; sourceTree = "<group>"; };
		344600FA2855D91E00B2E740 /* Love.json */ = {isa = PBXFileReference; fileEncoding = 4; lastKnownFileType = text.json; path = Love.json; sourceTree = "<group>"; };
		344600FF2855DE3F00B2E740 /* CleaningDataStore.swift */ = {isa = PBXFileReference; lastKnownFileType = sourcecode.swift; path = CleaningDataStore.swift; sourceTree = "<group>"; };
		3446010128562E1600B2E740 /* CleaningCategoryProgress.swift */ = {isa = PBXFileReference; lastKnownFileType = sourcecode.swift; path = CleaningCategoryProgress.swift; sourceTree = "<group>"; };
		34662BA7285508F90088A4B2 /* Laugh.json */ = {isa = PBXFileReference; fileEncoding = 4; lastKnownFileType = text.json; path = Laugh.json; sourceTree = "<group>"; };
		34662BA9285509380088A4B2 /* LottieView.swift */ = {isa = PBXFileReference; lastKnownFileType = sourcecode.swift; path = LottieView.swift; sourceTree = "<group>"; };
		34A30AB52854919200DFFB3F /* CleaningCategoryView.swift */ = {isa = PBXFileReference; lastKnownFileType = sourcecode.swift; path = CleaningCategoryView.swift; sourceTree = "<group>"; };
		34A30AB72854932A00DFFB3F /* SettingSliderView.swift */ = {isa = PBXFileReference; lastKnownFileType = sourcecode.swift; path = SettingSliderView.swift; sourceTree = "<group>"; };
		34B2CD5928546EAA00739D47 /* CircularProgressBarView.swift */ = {isa = PBXFileReference; lastKnownFileType = sourcecode.swift; path = CircularProgressBarView.swift; sourceTree = "<group>"; };
		735198F62858548A0017A098 /* CloudkitUser.swift */ = {isa = PBXFileReference; lastKnownFileType = sourcecode.swift; path = CloudkitUser.swift; sourceTree = "<group>"; };
		735198F82858555C0017A098 /* CloudkitUserViewModel.swift */ = {isa = PBXFileReference; lastKnownFileType = sourcecode.swift; path = CloudkitUserViewModel.swift; sourceTree = "<group>"; };
		735198FA2858613B0017A098 /* SceneDelegate.swift */ = {isa = PBXFileReference; fileEncoding = 4; lastKnownFileType = sourcecode.swift; name = SceneDelegate.swift; path = ../../../../Downloads/SceneDelegate.swift; sourceTree = "<group>"; };
		735198FC285861450017A098 /* AppDelegate.swift */ = {isa = PBXFileReference; fileEncoding = 4; lastKnownFileType = sourcecode.swift; name = AppDelegate.swift; path = ../../../../Downloads/AppDelegate.swift; sourceTree = "<group>"; };
		735198FE2858625E0017A098 /* CreateUserView.swift */ = {isa = PBXFileReference; lastKnownFileType = sourcecode.swift; path = CreateUserView.swift; sourceTree = "<group>"; };
		736A696D28532131001D0D44 /* ShareView.swift */ = {isa = PBXFileReference; lastKnownFileType = sourcecode.swift; path = ShareView.swift; sourceTree = "<group>"; };
		739488E8285713240088DE1E /* Cleanny.entitlements */ = {isa = PBXFileReference; lastKnownFileType = text.plist.entitlements; path = Cleanny.entitlements; sourceTree = "<group>"; };
		739488E9285713360088DE1E /* CloudKit.framework */ = {isa = PBXFileReference; lastKnownFileType = wrapper.framework; name = CloudKit.framework; path = System/Library/Frameworks/CloudKit.framework; sourceTree = SDKROOT; };
		9A0EB0F328521B62003BD148 /* CircularProgressView.swift */ = {isa = PBXFileReference; lastKnownFileType = sourcecode.swift; path = CircularProgressView.swift; sourceTree = "<group>"; };
		9A3934562850892800393B19 /* Cleanny.app */ = {isa = PBXFileReference; explicitFileType = wrapper.application; includeInIndex = 0; path = Cleanny.app; sourceTree = BUILT_PRODUCTS_DIR; };
		9A3934592850892800393B19 /* CleannyApp.swift */ = {isa = PBXFileReference; lastKnownFileType = sourcecode.swift; path = CleannyApp.swift; sourceTree = "<group>"; };
		9A39345B2850892800393B19 /* ContentView.swift */ = {isa = PBXFileReference; lastKnownFileType = sourcecode.swift; path = ContentView.swift; sourceTree = "<group>"; };
		9A39345D2850892A00393B19 /* Assets.xcassets */ = {isa = PBXFileReference; lastKnownFileType = folder.assetcatalog; path = Assets.xcassets; sourceTree = "<group>"; };
		9A3934602850892A00393B19 /* Preview Assets.xcassets */ = {isa = PBXFileReference; lastKnownFileType = folder.assetcatalog; path = "Preview Assets.xcassets"; sourceTree = "<group>"; };
		9A3934622850892A00393B19 /* Persistence.swift */ = {isa = PBXFileReference; lastKnownFileType = sourcecode.swift; path = Persistence.swift; sourceTree = "<group>"; };
		9A3934652850892A00393B19 /* Cleanny.xcdatamodel */ = {isa = PBXFileReference; lastKnownFileType = wrapper.xcdatamodel; path = Cleanny.xcdatamodel; sourceTree = "<group>"; };
		9A3934742850B5C100393B19 /* CalendarView.swift */ = {isa = PBXFileReference; lastKnownFileType = sourcecode.swift; path = CalendarView.swift; sourceTree = "<group>"; };
		9A3934762850B61700393B19 /* RecordView.swift */ = {isa = PBXFileReference; lastKnownFileType = sourcecode.swift; path = RecordView.swift; sourceTree = "<group>"; };
		9A3934782850B67F00393B19 /* CharacterView.swift */ = {isa = PBXFileReference; lastKnownFileType = sourcecode.swift; path = CharacterView.swift; sourceTree = "<group>"; };
		9A7145D528532B3200AD9B45 /* Cleaning.swift */ = {isa = PBXFileReference; lastKnownFileType = sourcecode.swift; path = Cleaning.swift; sourceTree = "<group>"; };
		9A890C572855F4A00013248D /* BarChartView.swift */ = {isa = PBXFileReference; lastKnownFileType = sourcecode.swift; path = BarChartView.swift; sourceTree = "<group>"; };
		9A93370D2852B67600F7C587 /* ChartView.swift */ = {isa = PBXFileReference; lastKnownFileType = sourcecode.swift; path = ChartView.swift; sourceTree = "<group>"; };
		9AE62C272853349700FEDB9C /* User.swift */ = {isa = PBXFileReference; lastKnownFileType = sourcecode.swift; path = User.swift; sourceTree = "<group>"; };
		A3318C552853646500B5166F /* CleaningButtonView.swift */ = {isa = PBXFileReference; lastKnownFileType = sourcecode.swift; path = CleaningButtonView.swift; sourceTree = "<group>"; };
		A36369E82854703800B7B645 /* SettingSlider.swift */ = {isa = PBXFileReference; fileEncoding = 4; lastKnownFileType = sourcecode.swift; path = SettingSlider.swift; sourceTree = "<group>"; };
		A36369E92854703800B7B645 /* SettingCard.swift */ = {isa = PBXFileReference; fileEncoding = 4; lastKnownFileType = sourcecode.swift; path = SettingCard.swift; sourceTree = "<group>"; };
		A36369EA2854703800B7B645 /* SettingModalView.swift */ = {isa = PBXFileReference; fileEncoding = 4; lastKnownFileType = sourcecode.swift; path = SettingModalView.swift; sourceTree = "<group>"; };
/* End PBXFileReference section */

/* Begin PBXFrameworksBuildPhase section */
		9A3934532850892800393B19 /* Frameworks */ = {
			isa = PBXFrameworksBuildPhase;
			buildActionMask = 2147483647;
			files = (
				739488EA285713360088DE1E /* CloudKit.framework in Frameworks */,
				9A93370C2852B64100F7C587 /* SwiftUICharts in Frameworks */,
				9A3934722850B33200393B19 /* AxisTabView in Frameworks */,
				9A39346F28508CEB00393B19 /* AxisTabView in Frameworks */,
				34662BA52854FFEE0088A4B2 /* Lottie in Frameworks */,
			);
			runOnlyForDeploymentPostprocessing = 0;
		};
/* End PBXFrameworksBuildPhase section */

/* Begin PBXGroup section */
		344600FE2855DD9300B2E740 /* CoreData */ = {
			isa = PBXGroup;
			children = (
				9A3934622850892A00393B19 /* Persistence.swift */,
				9A3934642850892A00393B19 /* Cleanny.xcdatamodeld */,
			);
			path = CoreData;
			sourceTree = "<group>";
		};
		34662BA6285500250088A4B2 /* Lottie */ = {
			isa = PBXGroup;
			children = (
				34662BA7285508F90088A4B2 /* Laugh.json */,
				344600F82855D91E00B2E740 /* Cry.json */,
				344600F92855D91E00B2E740 /* Heit.json */,
				344600FA2855D91E00B2E740 /* Love.json */,
			);
			path = Lottie;
			sourceTree = "<group>";
		};
		9A39344D2850892800393B19 = {
			isa = PBXGroup;
			children = (
				9A3934582850892800393B19 /* Cleanny */,
				9A3934572850892800393B19 /* Products */,
				9A39346C28508BFA00393B19 /* Frameworks */,
			);
			sourceTree = "<group>";
		};
		9A3934572850892800393B19 /* Products */ = {
			isa = PBXGroup;
			children = (
				9A3934562850892800393B19 /* Cleanny.app */,
			);
			name = Products;
			sourceTree = "<group>";
		};
		9A3934582850892800393B19 /* Cleanny */ = {
			isa = PBXGroup;
			children = (
				735198FC285861450017A098 /* AppDelegate.swift */,
				735198FA2858613B0017A098 /* SceneDelegate.swift */,
				739488E8285713240088DE1E /* Cleanny.entitlements */,
				344600FE2855DD9300B2E740 /* CoreData */,
				9A7145D428532B2100AD9B45 /* Data */,
				9A3934732850B5AC00393B19 /* Pages */,
				9A3934592850892800393B19 /* CleannyApp.swift */,
				9A39345B2850892800393B19 /* ContentView.swift */,
				9A39345D2850892A00393B19 /* Assets.xcassets */,
				9A39345F2850892A00393B19 /* Preview Content */,
			);
			path = Cleanny;
			sourceTree = "<group>";
		};
		9A39345F2850892A00393B19 /* Preview Content */ = {
			isa = PBXGroup;
			children = (
				9A3934602850892A00393B19 /* Preview Assets.xcassets */,
			);
			path = "Preview Content";
			sourceTree = "<group>";
		};
		9A39346C28508BFA00393B19 /* Frameworks */ = {
			isa = PBXGroup;
			children = (
				739488E9285713360088DE1E /* CloudKit.framework */,
			);
			name = Frameworks;
			sourceTree = "<group>";
		};
		9A3934732850B5AC00393B19 /* Pages */ = {
			isa = PBXGroup;
			children = (
				735198FE2858625E0017A098 /* CreateUserView.swift */,
				9A3934742850B5C100393B19 /* CalendarView.swift */,
				9A3934762850B61700393B19 /* RecordView.swift */,
				9A3934782850B67F00393B19 /* CharacterView.swift */,
				3446010128562E1600B2E740 /* CleaningCategoryProgress.swift */,
				9A0EB0F328521B62003BD148 /* CircularProgressView.swift */,
				34B2CD5928546EAA00739D47 /* CircularProgressBarView.swift */,
				9A93370D2852B67600F7C587 /* ChartView.swift */,
				736A696D28532131001D0D44 /* ShareView.swift */,
				A36369EA2854703800B7B645 /* SettingModalView.swift */,
				34A30AB72854932A00DFFB3F /* SettingSliderView.swift */,
				A36369E82854703800B7B645 /* SettingSlider.swift */,
				34A30AB52854919200DFFB3F /* CleaningCategoryView.swift */,
				A36369E92854703800B7B645 /* SettingCard.swift */,
				34662BA9285509380088A4B2 /* LottieView.swift */,
				A3318C552853646500B5166F /* CleaningButtonView.swift */,
				9A890C572855F4A00013248D /* BarChartView.swift */,
				34662BA6285500250088A4B2 /* Lottie */,
			);
			path = Pages;
			sourceTree = "<group>";
		};
		9A7145D428532B2100AD9B45 /* Data */ = {
			isa = PBXGroup;
			children = (
				9A7145D528532B3200AD9B45 /* Cleaning.swift */,
				344600FF2855DE3F00B2E740 /* CleaningDataStore.swift */,
				9AE62C272853349700FEDB9C /* User.swift */,
				735198F62858548A0017A098 /* CloudkitUser.swift */,
				735198F82858555C0017A098 /* CloudkitUserViewModel.swift */,
			);
			path = Data;
			sourceTree = "<group>";
		};
/* End PBXGroup section */

/* Begin PBXNativeTarget section */
		9A3934552850892800393B19 /* Cleanny */ = {
			isa = PBXNativeTarget;
			buildConfigurationList = 9A3934692850892A00393B19 /* Build configuration list for PBXNativeTarget "Cleanny" */;
			buildPhases = (
				9A3934522850892800393B19 /* Sources */,
				9A3934532850892800393B19 /* Frameworks */,
				9A3934542850892800393B19 /* Resources */,
			);
			buildRules = (
			);
			dependencies = (
			);
			name = Cleanny;
			packageProductDependencies = (
				9A39346E28508CEB00393B19 /* AxisTabView */,
				9A3934712850B33200393B19 /* AxisTabView */,
				9A93370B2852B64100F7C587 /* SwiftUICharts */,
				34662BA42854FFEE0088A4B2 /* Lottie */,
			);
			productName = Cleanny;
			productReference = 9A3934562850892800393B19 /* Cleanny.app */;
			productType = "com.apple.product-type.application";
		};
/* End PBXNativeTarget section */

/* Begin PBXProject section */
		9A39344E2850892800393B19 /* Project object */ = {
			isa = PBXProject;
			attributes = {
				BuildIndependentTargetsInParallel = 1;
				LastSwiftUpdateCheck = 1330;
				LastUpgradeCheck = 1330;
				TargetAttributes = {
					9A3934552850892800393B19 = {
						CreatedOnToolsVersion = 13.3;
					};
				};
			};
			buildConfigurationList = 9A3934512850892800393B19 /* Build configuration list for PBXProject "Cleanny" */;
			compatibilityVersion = "Xcode 13.0";
			developmentRegion = en;
			hasScannedForEncodings = 0;
			knownRegions = (
				en,
				Base,
			);
			mainGroup = 9A39344D2850892800393B19;
			packageReferences = (
				9A39346D28508CEB00393B19 /* XCRemoteSwiftPackageReference "AxisTabView" */,
				9A3934702850B33200393B19 /* XCRemoteSwiftPackageReference "AxisTabView" */,
				9A93370A2852B64100F7C587 /* XCRemoteSwiftPackageReference "ChartView" */,
				34662BA32854FFEE0088A4B2 /* XCRemoteSwiftPackageReference "lottie-ios" */,
			);
			productRefGroup = 9A3934572850892800393B19 /* Products */;
			projectDirPath = "";
			projectRoot = "";
			targets = (
				9A3934552850892800393B19 /* Cleanny */,
			);
		};
/* End PBXProject section */

/* Begin PBXResourcesBuildPhase section */
		9A3934542850892800393B19 /* Resources */ = {
			isa = PBXResourcesBuildPhase;
			buildActionMask = 2147483647;
			files = (
				9A3934612850892A00393B19 /* Preview Assets.xcassets in Resources */,
				9A39345E2850892A00393B19 /* Assets.xcassets in Resources */,
				344600FC2855D91E00B2E740 /* Heit.json in Resources */,
				344600FD2855D91E00B2E740 /* Love.json in Resources */,
				34662BA8285508F90088A4B2 /* Laugh.json in Resources */,
				344600FB2855D91E00B2E740 /* Cry.json in Resources */,
			);
			runOnlyForDeploymentPostprocessing = 0;
		};
/* End PBXResourcesBuildPhase section */

/* Begin PBXSourcesBuildPhase section */
		9A3934522850892800393B19 /* Sources */ = {
			isa = PBXSourcesBuildPhase;
			buildActionMask = 2147483647;
			files = (
				34B2CD5A28546EAA00739D47 /* CircularProgressBarView.swift in Sources */,
				735198FF2858625E0017A098 /* CreateUserView.swift in Sources */,
				9A890C582855F4A00013248D /* BarChartView.swift in Sources */,
				736A696E28532131001D0D44 /* ShareView.swift in Sources */,
				735198F72858548A0017A098 /* CloudkitUser.swift in Sources */,
				9A3934752850B5C100393B19 /* CalendarView.swift in Sources */,
				9A3934772850B61700393B19 /* RecordView.swift in Sources */,
				A36369ED2854703800B7B645 /* SettingModalView.swift in Sources */,
				3446010228562E1600B2E740 /* CleaningCategoryProgress.swift in Sources */,
				9A0EB0F428521B62003BD148 /* CircularProgressView.swift in Sources */,
				9A3934632850892A00393B19 /* Persistence.swift in Sources */,
				9A39345C2850892800393B19 /* ContentView.swift in Sources */,
				34662BAA285509380088A4B2 /* LottieView.swift in Sources */,
				9A7145D628532B3200AD9B45 /* Cleaning.swift in Sources */,
				A36369EC2854703800B7B645 /* SettingCard.swift in Sources */,
				A36369EB2854703800B7B645 /* SettingSlider.swift in Sources */,
				9A93370E2852B67600F7C587 /* ChartView.swift in Sources */,
				9AE62C282853349700FEDB9C /* User.swift in Sources */,
				34A30AB82854932A00DFFB3F /* SettingSliderView.swift in Sources */,
				735198F92858555C0017A098 /* CloudkitUserViewModel.swift in Sources */,
				344601002855DE3F00B2E740 /* CleaningDataStore.swift in Sources */,
				A3318C562853646500B5166F /* CleaningButtonView.swift in Sources */,
				735198FD285861450017A098 /* AppDelegate.swift in Sources */,
				735198FB2858613B0017A098 /* SceneDelegate.swift in Sources */,
				34A30AB62854919200DFFB3F /* CleaningCategoryView.swift in Sources */,
				9A3934662850892A00393B19 /* Cleanny.xcdatamodeld in Sources */,
				9A39345A2850892800393B19 /* CleannyApp.swift in Sources */,
				9A3934792850B67F00393B19 /* CharacterView.swift in Sources */,
			);
			runOnlyForDeploymentPostprocessing = 0;
		};
/* End PBXSourcesBuildPhase section */

/* Begin XCBuildConfiguration section */
		9A3934672850892A00393B19 /* Debug */ = {
			isa = XCBuildConfiguration;
			buildSettings = {
				ALWAYS_SEARCH_USER_PATHS = NO;
				CLANG_ANALYZER_NONNULL = YES;
				CLANG_ANALYZER_NUMBER_OBJECT_CONVERSION = YES_AGGRESSIVE;
				CLANG_CXX_LANGUAGE_STANDARD = "gnu++17";
				CLANG_ENABLE_MODULES = YES;
				CLANG_ENABLE_OBJC_ARC = YES;
				CLANG_ENABLE_OBJC_WEAK = YES;
				CLANG_WARN_BLOCK_CAPTURE_AUTORELEASING = YES;
				CLANG_WARN_BOOL_CONVERSION = YES;
				CLANG_WARN_COMMA = YES;
				CLANG_WARN_CONSTANT_CONVERSION = YES;
				CLANG_WARN_DEPRECATED_OBJC_IMPLEMENTATIONS = YES;
				CLANG_WARN_DIRECT_OBJC_ISA_USAGE = YES_ERROR;
				CLANG_WARN_DOCUMENTATION_COMMENTS = YES;
				CLANG_WARN_EMPTY_BODY = YES;
				CLANG_WARN_ENUM_CONVERSION = YES;
				CLANG_WARN_INFINITE_RECURSION = YES;
				CLANG_WARN_INT_CONVERSION = YES;
				CLANG_WARN_NON_LITERAL_NULL_CONVERSION = YES;
				CLANG_WARN_OBJC_IMPLICIT_RETAIN_SELF = YES;
				CLANG_WARN_OBJC_LITERAL_CONVERSION = YES;
				CLANG_WARN_OBJC_ROOT_CLASS = YES_ERROR;
				CLANG_WARN_QUOTED_INCLUDE_IN_FRAMEWORK_HEADER = YES;
				CLANG_WARN_RANGE_LOOP_ANALYSIS = YES;
				CLANG_WARN_STRICT_PROTOTYPES = YES;
				CLANG_WARN_SUSPICIOUS_MOVE = YES;
				CLANG_WARN_UNGUARDED_AVAILABILITY = YES_AGGRESSIVE;
				CLANG_WARN_UNREACHABLE_CODE = YES;
				CLANG_WARN__DUPLICATE_METHOD_MATCH = YES;
				COPY_PHASE_STRIP = NO;
				DEBUG_INFORMATION_FORMAT = dwarf;
				ENABLE_STRICT_OBJC_MSGSEND = YES;
				ENABLE_TESTABILITY = YES;
				GCC_C_LANGUAGE_STANDARD = gnu11;
				GCC_DYNAMIC_NO_PIC = NO;
				GCC_NO_COMMON_BLOCKS = YES;
				GCC_OPTIMIZATION_LEVEL = 0;
				GCC_PREPROCESSOR_DEFINITIONS = (
					"DEBUG=1",
					"$(inherited)",
				);
				GCC_WARN_64_TO_32_BIT_CONVERSION = YES;
				GCC_WARN_ABOUT_RETURN_TYPE = YES_ERROR;
				GCC_WARN_UNDECLARED_SELECTOR = YES;
				GCC_WARN_UNINITIALIZED_AUTOS = YES_AGGRESSIVE;
				GCC_WARN_UNUSED_FUNCTION = YES;
				GCC_WARN_UNUSED_VARIABLE = YES;
				IPHONEOS_DEPLOYMENT_TARGET = 15.4;
				MTL_ENABLE_DEBUG_INFO = INCLUDE_SOURCE;
				MTL_FAST_MATH = YES;
				ONLY_ACTIVE_ARCH = YES;
				SDKROOT = iphoneos;
				SWIFT_ACTIVE_COMPILATION_CONDITIONS = DEBUG;
				SWIFT_OPTIMIZATION_LEVEL = "-Onone";
			};
			name = Debug;
		};
		9A3934682850892A00393B19 /* Release */ = {
			isa = XCBuildConfiguration;
			buildSettings = {
				ALWAYS_SEARCH_USER_PATHS = NO;
				CLANG_ANALYZER_NONNULL = YES;
				CLANG_ANALYZER_NUMBER_OBJECT_CONVERSION = YES_AGGRESSIVE;
				CLANG_CXX_LANGUAGE_STANDARD = "gnu++17";
				CLANG_ENABLE_MODULES = YES;
				CLANG_ENABLE_OBJC_ARC = YES;
				CLANG_ENABLE_OBJC_WEAK = YES;
				CLANG_WARN_BLOCK_CAPTURE_AUTORELEASING = YES;
				CLANG_WARN_BOOL_CONVERSION = YES;
				CLANG_WARN_COMMA = YES;
				CLANG_WARN_CONSTANT_CONVERSION = YES;
				CLANG_WARN_DEPRECATED_OBJC_IMPLEMENTATIONS = YES;
				CLANG_WARN_DIRECT_OBJC_ISA_USAGE = YES_ERROR;
				CLANG_WARN_DOCUMENTATION_COMMENTS = YES;
				CLANG_WARN_EMPTY_BODY = YES;
				CLANG_WARN_ENUM_CONVERSION = YES;
				CLANG_WARN_INFINITE_RECURSION = YES;
				CLANG_WARN_INT_CONVERSION = YES;
				CLANG_WARN_NON_LITERAL_NULL_CONVERSION = YES;
				CLANG_WARN_OBJC_IMPLICIT_RETAIN_SELF = YES;
				CLANG_WARN_OBJC_LITERAL_CONVERSION = YES;
				CLANG_WARN_OBJC_ROOT_CLASS = YES_ERROR;
				CLANG_WARN_QUOTED_INCLUDE_IN_FRAMEWORK_HEADER = YES;
				CLANG_WARN_RANGE_LOOP_ANALYSIS = YES;
				CLANG_WARN_STRICT_PROTOTYPES = YES;
				CLANG_WARN_SUSPICIOUS_MOVE = YES;
				CLANG_WARN_UNGUARDED_AVAILABILITY = YES_AGGRESSIVE;
				CLANG_WARN_UNREACHABLE_CODE = YES;
				CLANG_WARN__DUPLICATE_METHOD_MATCH = YES;
				COPY_PHASE_STRIP = NO;
				DEBUG_INFORMATION_FORMAT = "dwarf-with-dsym";
				ENABLE_NS_ASSERTIONS = NO;
				ENABLE_STRICT_OBJC_MSGSEND = YES;
				GCC_C_LANGUAGE_STANDARD = gnu11;
				GCC_NO_COMMON_BLOCKS = YES;
				GCC_WARN_64_TO_32_BIT_CONVERSION = YES;
				GCC_WARN_ABOUT_RETURN_TYPE = YES_ERROR;
				GCC_WARN_UNDECLARED_SELECTOR = YES;
				GCC_WARN_UNINITIALIZED_AUTOS = YES_AGGRESSIVE;
				GCC_WARN_UNUSED_FUNCTION = YES;
				GCC_WARN_UNUSED_VARIABLE = YES;
				IPHONEOS_DEPLOYMENT_TARGET = 15.4;
				MTL_ENABLE_DEBUG_INFO = NO;
				MTL_FAST_MATH = YES;
				SDKROOT = iphoneos;
				SWIFT_COMPILATION_MODE = wholemodule;
				SWIFT_OPTIMIZATION_LEVEL = "-O";
				VALIDATE_PRODUCT = YES;
			};
			name = Release;
		};
		9A39346A2850892A00393B19 /* Debug */ = {
			isa = XCBuildConfiguration;
			buildSettings = {
				ASSETCATALOG_COMPILER_APPICON_NAME = AppIcon;
				ASSETCATALOG_COMPILER_GLOBAL_ACCENT_COLOR_NAME = AccentColor;
				CODE_SIGN_ENTITLEMENTS = Cleanny/Cleanny.entitlements;
				CODE_SIGN_STYLE = Automatic;
				CURRENT_PROJECT_VERSION = 1;
				DEAD_CODE_STRIPPING = NO;
				DEVELOPMENT_ASSET_PATHS = "\"Cleanny/Preview Content\"";
				DEVELOPMENT_TEAM = 99K458V69X;
				ENABLE_PREVIEWS = YES;
				GENERATE_INFOPLIST_FILE = YES;
				INFOPLIST_KEY_UIApplicationSceneManifest_Generation = YES;
				INFOPLIST_KEY_UIApplicationSupportsIndirectInputEvents = YES;
				INFOPLIST_KEY_UILaunchScreen_Generation = YES;
				INFOPLIST_KEY_UISupportedInterfaceOrientations_iPad = "UIInterfaceOrientationPortrait UIInterfaceOrientationPortraitUpsideDown UIInterfaceOrientationLandscapeLeft UIInterfaceOrientationLandscapeRight";
				INFOPLIST_KEY_UISupportedInterfaceOrientations_iPhone = "UIInterfaceOrientationPortrait UIInterfaceOrientationLandscapeLeft UIInterfaceOrientationLandscapeRight";
				LD_RUNPATH_SEARCH_PATHS = (
					"$(inherited)",
					"@executable_path/Frameworks",
				);
				MARKETING_VERSION = 1.0;
				PRODUCT_BUNDLE_IDENTIFIER = com.Loudy.Cleanny.juju;
				PRODUCT_NAME = "$(TARGET_NAME)";
				SWIFT_EMIT_LOC_STRINGS = YES;
				SWIFT_VERSION = 5.0;
				TARGETED_DEVICE_FAMILY = "1,2";
			};
			name = Debug;
		};
		9A39346B2850892A00393B19 /* Release */ = {
			isa = XCBuildConfiguration;
			buildSettings = {
				ASSETCATALOG_COMPILER_APPICON_NAME = AppIcon;
				ASSETCATALOG_COMPILER_GLOBAL_ACCENT_COLOR_NAME = AccentColor;
				CODE_SIGN_ENTITLEMENTS = Cleanny/Cleanny.entitlements;
				CODE_SIGN_STYLE = Automatic;
				CURRENT_PROJECT_VERSION = 1;
				DEAD_CODE_STRIPPING = NO;
				DEVELOPMENT_ASSET_PATHS = "\"Cleanny/Preview Content\"";
				DEVELOPMENT_TEAM = 99K458V69X;
				ENABLE_PREVIEWS = YES;
				GENERATE_INFOPLIST_FILE = YES;
				INFOPLIST_KEY_UIApplicationSceneManifest_Generation = YES;
				INFOPLIST_KEY_UIApplicationSupportsIndirectInputEvents = YES;
				INFOPLIST_KEY_UILaunchScreen_Generation = YES;
				INFOPLIST_KEY_UISupportedInterfaceOrientations_iPad = "UIInterfaceOrientationPortrait UIInterfaceOrientationPortraitUpsideDown UIInterfaceOrientationLandscapeLeft UIInterfaceOrientationLandscapeRight";
				INFOPLIST_KEY_UISupportedInterfaceOrientations_iPhone = "UIInterfaceOrientationPortrait UIInterfaceOrientationLandscapeLeft UIInterfaceOrientationLandscapeRight";
				LD_RUNPATH_SEARCH_PATHS = (
					"$(inherited)",
					"@executable_path/Frameworks",
				);
				MARKETING_VERSION = 1.0;
				PRODUCT_BUNDLE_IDENTIFIER = com.Loudy.Cleanny.juju;
				PRODUCT_NAME = "$(TARGET_NAME)";
				SWIFT_EMIT_LOC_STRINGS = YES;
				SWIFT_VERSION = 5.0;
				TARGETED_DEVICE_FAMILY = "1,2";
			};
			name = Release;
		};
/* End XCBuildConfiguration section */

/* Begin XCConfigurationList section */
		9A3934512850892800393B19 /* Build configuration list for PBXProject "Cleanny" */ = {
			isa = XCConfigurationList;
			buildConfigurations = (
				9A3934672850892A00393B19 /* Debug */,
				9A3934682850892A00393B19 /* Release */,
			);
			defaultConfigurationIsVisible = 0;
			defaultConfigurationName = Release;
		};
		9A3934692850892A00393B19 /* Build configuration list for PBXNativeTarget "Cleanny" */ = {
			isa = XCConfigurationList;
			buildConfigurations = (
				9A39346A2850892A00393B19 /* Debug */,
				9A39346B2850892A00393B19 /* Release */,
			);
			defaultConfigurationIsVisible = 0;
			defaultConfigurationName = Release;
		};
/* End XCConfigurationList section */

/* Begin XCRemoteSwiftPackageReference section */
		34662BA32854FFEE0088A4B2 /* XCRemoteSwiftPackageReference "lottie-ios" */ = {
			isa = XCRemoteSwiftPackageReference;
			repositoryURL = "https://github.com/airbnb/lottie-ios.git";
			requirement = {
				kind = upToNextMajorVersion;
				minimumVersion = 3.0.0;
			};
		};
		9A39346D28508CEB00393B19 /* XCRemoteSwiftPackageReference "AxisTabView" */ = {
			isa = XCRemoteSwiftPackageReference;
			repositoryURL = "https://github.com/jasudev/AxisTabView.git";
			requirement = {
				kind = upToNextMajorVersion;
				minimumVersion = 0.5.1;
			};
		};
		9A3934702850B33200393B19 /* XCRemoteSwiftPackageReference "AxisTabView" */ = {
			isa = XCRemoteSwiftPackageReference;
			repositoryURL = "https://github.com/jasudev/AxisTabView.git";
			requirement = {
				kind = upToNextMajorVersion;
				minimumVersion = 0.5.1;
			};
		};
		9A93370A2852B64100F7C587 /* XCRemoteSwiftPackageReference "ChartView" */ = {
			isa = XCRemoteSwiftPackageReference;
			repositoryURL = "https://github.com/AppPear/ChartView";
			requirement = {
				kind = exactVersion;
				version = 1.5.5;
			};
		};
/* End XCRemoteSwiftPackageReference section */

/* Begin XCSwiftPackageProductDependency section */
		34662BA42854FFEE0088A4B2 /* Lottie */ = {
			isa = XCSwiftPackageProductDependency;
			package = 34662BA32854FFEE0088A4B2 /* XCRemoteSwiftPackageReference "lottie-ios" */;
			productName = Lottie;
		};
		9A39346E28508CEB00393B19 /* AxisTabView */ = {
			isa = XCSwiftPackageProductDependency;
			package = 9A39346D28508CEB00393B19 /* XCRemoteSwiftPackageReference "AxisTabView" */;
			productName = AxisTabView;
		};
		9A3934712850B33200393B19 /* AxisTabView */ = {
			isa = XCSwiftPackageProductDependency;
			package = 9A39346D28508CEB00393B19 /* XCRemoteSwiftPackageReference "AxisTabView" */;
			productName = AxisTabView;
		};
		9A93370B2852B64100F7C587 /* SwiftUICharts */ = {
			isa = XCSwiftPackageProductDependency;
			package = 9A93370A2852B64100F7C587 /* XCRemoteSwiftPackageReference "ChartView" */;
			productName = SwiftUICharts;
		};
/* End XCSwiftPackageProductDependency section */

/* Begin XCVersionGroup section */
		9A3934642850892A00393B19 /* Cleanny.xcdatamodeld */ = {
			isa = XCVersionGroup;
			children = (
				9A3934652850892A00393B19 /* Cleanny.xcdatamodel */,
			);
			currentVersion = 9A3934652850892A00393B19 /* Cleanny.xcdatamodel */;
			path = Cleanny.xcdatamodeld;
			sourceTree = "<group>";
			versionGroupType = wrapper.xcdatamodel;
		};
/* End XCVersionGroup section */
	};
	rootObject = 9A39344E2850892800393B19 /* Project object */;
}
